
Microsoft Visual Studio Solution File, Format Version 12.00
# Visual Studio 2012
Project("{FAE04EC0-301F-11D3-BF4B-00C04F79EFBC}") = "1.Download", "1.Download\1.Download.csproj", "{368C6525-E5E6-421F-B120-94F905F1350E}"
EndProject
Project("{FAE04EC0-301F-11D3-BF4B-00C04F79EFBC}") = "2.ParseXMLToJSON", "2.ParseXMLToJSON\2.ParseXMLToJSON.csproj", "{133C6159-89F5-4E75-9652-4BE5954CF74D}"
EndProject
Project("{FAE04EC0-301F-11D3-BF4B-00C04F79EFBC}") = "3.LINQ-to-JSON", "3.LINQ-to-JSON\3.LINQ-to-JSON.csproj", "{0C5407B6-84D9-41BA-B94B-41878D0AFDF4}"
EndProject
Global
	GlobalSection(SolutionConfigurationPlatforms) = preSolution
		Debug|Any CPU = Debug|Any CPU
		Release|Any CPU = Release|Any CPU
	EndGlobalSection
	GlobalSection(ProjectConfigurationPlatforms) = postSolution
		{368C6525-E5E6-421F-B120-94F905F1350E}.Debug|Any CPU.ActiveCfg = Debug|Any CPU
		{368C6525-E5E6-421F-B120-94F905F1350E}.Debug|Any CPU.Build.0 = Debug|Any CPU
		{368C6525-E5E6-421F-B120-94F905F1350E}.Release|Any CPU.ActiveCfg = Release|Any CPU
		{368C6525-E5E6-421F-B120-94F905F1350E}.Release|Any CPU.Build.0 = Release|Any CPU
		{133C6159-89F5-4E75-9652-4BE5954CF74D}.Debug|Any CPU.ActiveCfg = Debug|Any CPU
		{133C6159-89F5-4E75-9652-4BE5954CF74D}.Debug|Any CPU.Build.0 = Debug|Any CPU
		{133C6159-89F5-4E75-9652-4BE5954CF74D}.Release|Any CPU.ActiveCfg = Release|Any CPU
		{133C6159-89F5-4E75-9652-4BE5954CF74D}.Release|Any CPU.Build.0 = Release|Any CPU
		{0C5407B6-84D9-41BA-B94B-41878D0AFDF4}.Debug|Any CPU.ActiveCfg = Debug|Any CPU
		{0C5407B6-84D9-41BA-B94B-41878D0AFDF4}.Debug|Any CPU.Build.0 = Debug|Any CPU
		{0C5407B6-84D9-41BA-B94B-41878D0AFDF4}.Release|Any CPU.ActiveCfg = Release|Any CPU
		{0C5407B6-84D9-41BA-B94B-41878D0AFDF4}.Release|Any CPU.Build.0 = Release|Any CPU
	EndGlobalSection
	GlobalSection(SolutionProperties) = preSolution
		HideSolutionNode = FALSE
	EndGlobalSection
EndGlobal
